// !$*UTF8*$!
{
	archiveVersion = 1;
	classes = {
	};
	objectVersion = 77;
	objects = {

/* Begin PBXContainerItemProxy section */
		52056C8C2E5B9D5600D0DBE5 /* PBXContainerItemProxy */ = {
			isa = PBXContainerItemProxy;
			containerPortal = 52056C762E5B9D5300D0DBE5 /* Project object */;
			proxyType = 1;
			remoteGlobalIDString = 52056C7D2E5B9D5300D0DBE5;
			remoteInfo = "SwiftUI-Todo-ListApp";
		};
		52056C962E5B9D5600D0DBE5 /* PBXContainerItemProxy */ = {
			isa = PBXContainerItemProxy;
			containerPortal = 52056C762E5B9D5300D0DBE5 /* Project object */;
			proxyType = 1;
			remoteGlobalIDString = 52056C7D2E5B9D5300D0DBE5;
			remoteInfo = "SwiftUI-Todo-ListApp";
		};
/* End PBXContainerItemProxy section */

/* Begin PBXFileReference section */
		52056C7E2E5B9D5300D0DBE5 /* SwiftUI-Todo-ListApp.app */ = {isa = PBXFileReference; explicitFileType = wrapper.application; includeInIndex = 0; path = "SwiftUI-Todo-ListApp.app"; sourceTree = BUILT_PRODUCTS_DIR; };
		52056C8B2E5B9D5600D0DBE5 /* SwiftUI-Todo-ListAppTests.xctest */ = {isa = PBXFileReference; explicitFileType = wrapper.cfbundle; includeInIndex = 0; path = "SwiftUI-Todo-ListAppTests.xctest"; sourceTree = BUILT_PRODUCTS_DIR; };
		52056C952E5B9D5600D0DBE5 /* SwiftUI-Todo-ListAppUITests.xctest */ = {isa = PBXFileReference; explicitFileType = wrapper.cfbundle; includeInIndex = 0; path = "SwiftUI-Todo-ListAppUITests.xctest"; sourceTree = BUILT_PRODUCTS_DIR; };
/* End PBXFileReference section */

/* Begin PBXFileSystemSynchronizedRootGroup section */
		52056C802E5B9D5300D0DBE5 /* SwiftUI-Todo-ListApp */ = {
			isa = PBXFileSystemSynchronizedRootGroup;
			path = "SwiftUI-Todo-ListApp";
			sourceTree = "<group>";
		};
		52056C8E2E5B9D5600D0DBE5 /* SwiftUI-Todo-ListAppTests */ = {
			isa = PBXFileSystemSynchronizedRootGroup;
			path = "SwiftUI-Todo-ListAppTests";
			sourceTree = "<group>";
		};
		52056C982E5B9D5600D0DBE5 /* SwiftUI-Todo-ListAppUITests */ = {
			isa = PBXFileSystemSynchronizedRootGroup;
			path = "SwiftUI-Todo-ListAppUITests";
			sourceTree = "<group>";
		};
/* End PBXFileSystemSynchronizedRootGroup section */

/* Begin PBXFrameworksBuildPhase section */
		52056C7B2E5B9D5300D0DBE5 /* Frameworks */ = {
			isa = PBXFrameworksBuildPhase;
			buildActionMask = 2147483647;
			files = (
			);
			runOnlyForDeploymentPostprocessing = 0;
		};
		52056C882E5B9D5600D0DBE5 /* Frameworks */ = {
			isa = PBXFrameworksBuildPhase;
			buildActionMask = 2147483647;
			files = (
			);
			runOnlyForDeploymentPostprocessing = 0;
		};
		52056C922E5B9D5600D0DBE5 /* Frameworks */ = {
			isa = PBXFrameworksBuildPhase;
			buildActionMask = 2147483647;
			files = (
			);
			runOnlyForDeploymentPostprocessing = 0;
		};
/* End PBXFrameworksBuildPhase section */

/* Begin PBXGroup section */
		52056C752E5B9D5300D0DBE5 = {
			isa = PBXGroup;
			children = (
				52056C802E5B9D5300D0DBE5 /* SwiftUI-Todo-ListApp */,
				52056C8E2E5B9D5600D0DBE5 /* SwiftUI-Todo-ListAppTests */,
				52056C982E5B9D5600D0DBE5 /* SwiftUI-Todo-ListAppUITests */,
				52056C7F2E5B9D5300D0DBE5 /* Products */,
			);
			sourceTree = "<group>";
		};
		52056C7F2E5B9D5300D0DBE5 /* Products */ = {
			isa = PBXGroup;
			children = (
				52056C7E2E5B9D5300D0DBE5 /* SwiftUI-Todo-ListApp.app */,
				52056C8B2E5B9D5600D0DBE5 /* SwiftUI-Todo-ListAppTests.xctest */,
				52056C952E5B9D5600D0DBE5 /* SwiftUI-Todo-ListAppUITests.xctest */,
			);
			name = Products;
			sourceTree = "<group>";
		};
/* End PBXGroup section */

/* Begin PBXNativeTarget section */
		52056C7D2E5B9D5300D0DBE5 /* SwiftUI-Todo-ListApp */ = {
			isa = PBXNativeTarget;
			buildConfigurationList = 52056C9F2E5B9D5600D0DBE5 /* Build configuration list for PBXNativeTarget "SwiftUI-Todo-ListApp" */;
			buildPhases = (
				52056C7A2E5B9D5300D0DBE5 /* Sources */,
				52056C7B2E5B9D5300D0DBE5 /* Frameworks */,
				52056C7C2E5B9D5300D0DBE5 /* Resources */,
			);
			buildRules = (
			);
			dependencies = (
			);
			fileSystemSynchronizedGroups = (
				52056C802E5B9D5300D0DBE5 /* SwiftUI-Todo-ListApp */,
			);
			name = "SwiftUI-Todo-ListApp";
			packageProductDependencies = (
			);
			productName = "SwiftUI-Todo-ListApp";
			productReference = 52056C7E2E5B9D5300D0DBE5 /* SwiftUI-Todo-ListApp.app */;
			productType = "com.apple.product-type.application";
		};
		52056C8A2E5B9D5600D0DBE5 /* SwiftUI-Todo-ListAppTests */ = {
			isa = PBXNativeTarget;
			buildConfigurationList = 52056CA22E5B9D5600D0DBE5 /* Build configuration list for PBXNativeTarget "SwiftUI-Todo-ListAppTests" */;
			buildPhases = (
				52056C872E5B9D5600D0DBE5 /* Sources */,
				52056C882E5B9D5600D0DBE5 /* Frameworks */,
				52056C892E5B9D5600D0DBE5 /* Resources */,
			);
			buildRules = (
			);
			dependencies = (
				52056C8D2E5B9D5600D0DBE5 /* PBXTargetDependency */,
			);
			fileSystemSynchronizedGroups = (
				52056C8E2E5B9D5600D0DBE5 /* SwiftUI-Todo-ListAppTests */,
			);
			name = "SwiftUI-Todo-ListAppTests";
			packageProductDependencies = (
			);
			productName = "SwiftUI-Todo-ListAppTests";
			productReference = 52056C8B2E5B9D5600D0DBE5 /* SwiftUI-Todo-ListAppTests.xctest */;
			productType = "com.apple.product-type.bundle.unit-test";
		};
		52056C942E5B9D5600D0DBE5 /* SwiftUI-Todo-ListAppUITests */ = {
			isa = PBXNativeTarget;
			buildConfigurationList = 52056CA52E5B9D5600D0DBE5 /* Build configuration list for PBXNativeTarget "SwiftUI-Todo-ListAppUITests" */;
			buildPhases = (
				52056C912E5B9D5600D0DBE5 /* Sources */,
				52056C922E5B9D5600D0DBE5 /* Frameworks */,
				52056C932E5B9D5600D0DBE5 /* Resources */,
			);
			buildRules = (
			);
			dependencies = (
				52056C972E5B9D5600D0DBE5 /* PBXTargetDependency */,
			);
			fileSystemSynchronizedGroups = (
				52056C982E5B9D5600D0DBE5 /* SwiftUI-Todo-ListAppUITests */,
			);
			name = "SwiftUI-Todo-ListAppUITests";
			packageProductDependencies = (
			);
			productName = "SwiftUI-Todo-ListAppUITests";
			productReference = 52056C952E5B9D5600D0DBE5 /* SwiftUI-Todo-ListAppUITests.xctest */;
			productType = "com.apple.product-type.bundle.ui-testing";
		};
/* End PBXNativeTarget section */

/* Begin PBXProject section */
		52056C762E5B9D5300D0DBE5 /* Project object */ = {
			isa = PBXProject;
			attributes = {
				BuildIndependentTargetsInParallel = 1;
				LastSwiftUpdateCheck = 1640;
				LastUpgradeCheck = 1640;
				TargetAttributes = {
					52056C7D2E5B9D5300D0DBE5 = {
						CreatedOnToolsVersion = 16.4;
					};
					52056C8A2E5B9D5600D0DBE5 = {
						CreatedOnToolsVersion = 16.4;
						TestTargetID = 52056C7D2E5B9D5300D0DBE5;
					};
					52056C942E5B9D5600D0DBE5 = {
						CreatedOnToolsVersion = 16.4;
						TestTargetID = 52056C7D2E5B9D5300D0DBE5;
					};
				};
			};
			buildConfigurationList = 52056C792E5B9D5300D0DBE5 /* Build configuration list for PBXProject "SwiftUI-Todo-ListApp" */;
			developmentRegion = en;
			hasScannedForEncodings = 0;
			knownRegions = (
				en,
				Base,
			);
			mainGroup = 52056C752E5B9D5300D0DBE5;
			minimizedProjectReferenceProxies = 1;
			preferredProjectObjectVersion = 77;
			productRefGroup = 52056C7F2E5B9D5300D0DBE5 /* Products */;
			projectDirPath = "";
			projectRoot = "";
			targets = (
				52056C7D2E5B9D5300D0DBE5 /* SwiftUI-Todo-ListApp */,
				52056C8A2E5B9D5600D0DBE5 /* SwiftUI-Todo-ListAppTests */,
				52056C942E5B9D5600D0DBE5 /* SwiftUI-Todo-ListAppUITests */,
			);
		};
/* End PBXProject section */

/* Begin PBXResourcesBuildPhase section */
		52056C7C2E5B9D5300D0DBE5 /* Resources */ = {
			isa = PBXResourcesBuildPhase;
			buildActionMask = 2147483647;
			files = (
			);
			runOnlyForDeploymentPostprocessing = 0;
		};
		52056C892E5B9D5600D0DBE5 /* Resources */ = {
			isa = PBXResourcesBuildPhase;
			buildActionMask = 2147483647;
			files = (
			);
			runOnlyForDeploymentPostprocessing = 0;
		};
		52056C932E5B9D5600D0DBE5 /* Resources */ = {
			isa = PBXResourcesBuildPhase;
			buildActionMask = 2147483647;
			files = (
			);
			runOnlyForDeploymentPostprocessing = 0;
		};
/* End PBXResourcesBuildPhase section */

/* Begin PBXSourcesBuildPhase section */
		52056C7A2E5B9D5300D0DBE5 /* Sources */ = {
			isa = PBXSourcesBuildPhase;
			buildActionMask = 2147483647;
			files = (
			);
			runOnlyForDeploymentPostprocessing = 0;
		};
		52056C872E5B9D5600D0DBE5 /* Sources */ = {
			isa = PBXSourcesBuildPhase;
			buildActionMask = 2147483647;
			files = (
			);
			runOnlyForDeploymentPostprocessing = 0;
		};
		52056C912E5B9D5600D0DBE5 /* Sources */ = {
			isa = PBXSourcesBuildPhase;
			buildActionMask = 2147483647;
			files = (
			);
			runOnlyForDeploymentPostprocessing = 0;
		};
/* End PBXSourcesBuildPhase section */

/* Begin PBXTargetDependency section */
		52056C8D2E5B9D5600D0DBE5 /* PBXTargetDependency */ = {
			isa = PBXTargetDependency;
			target = 52056C7D2E5B9D5300D0DBE5 /* SwiftUI-Todo-ListApp */;
			targetProxy = 52056C8C2E5B9D5600D0DBE5 /* PBXContainerItemProxy */;
		};
		52056C972E5B9D5600D0DBE5 /* PBXTargetDependency */ = {
			isa = PBXTargetDependency;
			target = 52056C7D2E5B9D5300D0DBE5 /* SwiftUI-Todo-ListApp */;
			targetProxy = 52056C962E5B9D5600D0DBE5 /* PBXContainerItemProxy */;
		};
/* End PBXTargetDependency section */

/* Begin XCBuildConfiguration section */
		52056C9D2E5B9D5600D0DBE5 /* Debug */ = {
			isa = XCBuildConfiguration;
			buildSettings = {
				ALWAYS_SEARCH_USER_PATHS = NO;
				ASSETCATALOG_COMPILER_GENERATE_SWIFT_ASSET_SYMBOL_EXTENSIONS = YES;
				CLANG_ANALYZER_NONNULL = YES;
				CLANG_ANALYZER_NUMBER_OBJECT_CONVERSION = YES_AGGRESSIVE;
				CLANG_CXX_LANGUAGE_STANDARD = "gnu++20";
				CLANG_ENABLE_MODULES = YES;
				CLANG_ENABLE_OBJC_ARC = YES;
				CLANG_ENABLE_OBJC_WEAK = YES;
				CLANG_WARN_BLOCK_CAPTURE_AUTORELEASING = YES;
				CLANG_WARN_BOOL_CONVERSION = YES;
				CLANG_WARN_COMMA = YES;
				CLANG_WARN_CONSTANT_CONVERSION = YES;
				CLANG_WARN_DEPRECATED_OBJC_IMPLEMENTATIONS = YES;
				CLANG_WARN_DIRECT_OBJC_ISA_USAGE = YES_ERROR;
				CLANG_WARN_DOCUMENTATION_COMMENTS = YES;
				CLANG_WARN_EMPTY_BODY = YES;
				CLANG_WARN_ENUM_CONVERSION = YES;
				CLANG_WARN_INFINITE_RECURSION = YES;
				CLANG_WARN_INT_CONVERSION = YES;
				CLANG_WARN_NON_LITERAL_NULL_CONVERSION = YES;
				CLANG_WARN_OBJC_IMPLICIT_RETAIN_SELF = YES;
				CLANG_WARN_OBJC_LITERAL_CONVERSION = YES;
				CLANG_WARN_OBJC_ROOT_CLASS = YES_ERROR;
				CLANG_WARN_QUOTED_INCLUDE_IN_FRAMEWORK_HEADER = YES;
				CLANG_WARN_RANGE_LOOP_ANALYSIS = YES;
				CLANG_WARN_STRICT_PROTOTYPES = YES;
				CLANG_WARN_SUSPICIOUS_MOVE = YES;
				CLANG_WARN_UNGUARDED_AVAILABILITY = YES_AGGRESSIVE;
				CLANG_WARN_UNREACHABLE_CODE = YES;
				CLANG_WARN__DUPLICATE_METHOD_MATCH = YES;
				COPY_PHASE_STRIP = NO;
				DEBUG_INFORMATION_FORMAT = dwarf;
				ENABLE_STRICT_OBJC_MSGSEND = YES;
				ENABLE_TESTABILITY = YES;
				ENABLE_USER_SCRIPT_SANDBOXING = YES;
				GCC_C_LANGUAGE_STANDARD = gnu17;
				GCC_DYNAMIC_NO_PIC = NO;
				GCC_NO_COMMON_BLOCKS = YES;
				GCC_OPTIMIZATION_LEVEL = 0;
				GCC_PREPROCESSOR_DEFINITIONS = (
					"DEBUG=1",
					"$(inherited)",
				);
				GCC_WARN_64_TO_32_BIT_CONVERSION = YES;
				GCC_WARN_ABOUT_RETURN_TYPE = YES_ERROR;
				GCC_WARN_UNDECLARED_SELECTOR = YES;
				GCC_WARN_UNINITIALIZED_AUTOS = YES_AGGRESSIVE;
				GCC_WARN_UNUSED_FUNCTION = YES;
				GCC_WARN_UNUSED_VARIABLE = YES;
				IPHONEOS_DEPLOYMENT_TARGET = 18.5;
				LOCALIZATION_PREFERS_STRING_CATALOGS = YES;
				MTL_ENABLE_DEBUG_INFO = INCLUDE_SOURCE;
				MTL_FAST_MATH = YES;
				ONLY_ACTIVE_ARCH = YES;
				SDKROOT = iphoneos;
				SWIFT_ACTIVE_COMPILATION_CONDITIONS = "DEBUG $(inherited)";
				SWIFT_OPTIMIZATION_LEVEL = "-Onone";
			};
			name = Debug;
		};
		52056C9E2E5B9D5600D0DBE5 /* Release */ = {
			isa = XCBuildConfiguration;
			buildSettings = {
				ALWAYS_SEARCH_USER_PATHS = NO;
				ASSETCATALOG_COMPILER_GENERATE_SWIFT_ASSET_SYMBOL_EXTENSIONS = YES;
				CLANG_ANALYZER_NONNULL = YES;
				CLANG_ANALYZER_NUMBER_OBJECT_CONVERSION = YES_AGGRESSIVE;
				CLANG_CXX_LANGUAGE_STANDARD = "gnu++20";
				CLANG_ENABLE_MODULES = YES;
				CLANG_ENABLE_OBJC_ARC = YES;
				CLANG_ENABLE_OBJC_WEAK = YES;
				CLANG_WARN_BLOCK_CAPTURE_AUTORELEASING = YES;
				CLANG_WARN_BOOL_CONVERSION = YES;
				CLANG_WARN_COMMA = YES;
				CLANG_WARN_CONSTANT_CONVERSION = YES;
				CLANG_WARN_DEPRECATED_OBJC_IMPLEMENTATIONS = YES;
				CLANG_WARN_DIRECT_OBJC_ISA_USAGE = YES_ERROR;
				CLANG_WARN_DOCUMENTATION_COMMENTS = YES;
				CLANG_WARN_EMPTY_BODY = YES;
				CLANG_WARN_ENUM_CONVERSION = YES;
				CLANG_WARN_INFINITE_RECURSION = YES;
				CLANG_WARN_INT_CONVERSION = YES;
				CLANG_WARN_NON_LITERAL_NULL_CONVERSION = YES;
				CLANG_WARN_OBJC_IMPLICIT_RETAIN_SELF = YES;
				CLANG_WARN_OBJC_LITERAL_CONVERSION = YES;
				CLANG_WARN_OBJC_ROOT_CLASS = YES_ERROR;
				CLANG_WARN_QUOTED_INCLUDE_IN_FRAMEWORK_HEADER = YES;
				CLANG_WARN_RANGE_LOOP_ANALYSIS = YES;
				CLANG_WARN_STRICT_PROTOTYPES = YES;
				CLANG_WARN_SUSPICIOUS_MOVE = YES;
				CLANG_WARN_UNGUARDED_AVAILABILITY = YES_AGGRESSIVE;
				CLANG_WARN_UNREACHABLE_CODE = YES;
				CLANG_WARN__DUPLICATE_METHOD_MATCH = YES;
				COPY_PHASE_STRIP = NO;
				DEBUG_INFORMATION_FORMAT = "dwarf-with-dsym";
				ENABLE_NS_ASSERTIONS = NO;
				ENABLE_STRICT_OBJC_MSGSEND = YES;
				ENABLE_USER_SCRIPT_SANDBOXING = YES;
				GCC_C_LANGUAGE_STANDARD = gnu17;
				GCC_NO_COMMON_BLOCKS = YES;
				GCC_WARN_64_TO_32_BIT_CONVERSION = YES;
				GCC_WARN_ABOUT_RETURN_TYPE = YES_ERROR;
				GCC_WARN_UNDECLARED_SELECTOR = YES;
				GCC_WARN_UNINITIALIZED_AUTOS = YES_AGGRESSIVE;
				GCC_WARN_UNUSED_FUNCTION = YES;
				GCC_WARN_UNUSED_VARIABLE = YES;
				IPHONEOS_DEPLOYMENT_TARGET = 18.5;
				LOCALIZATION_PREFERS_STRING_CATALOGS = YES;
				MTL_ENABLE_DEBUG_INFO = NO;
				MTL_FAST_MATH = YES;
				SDKROOT = iphoneos;
				SWIFT_COMPILATION_MODE = wholemodule;
				VALIDATE_PRODUCT = YES;
			};
			name = Release;
		};
		52056CA02E5B9D5600D0DBE5 /* Debug */ = {
			isa = XCBuildConfiguration;
			buildSettings = {
				ASSETCATALOG_COMPILER_APPICON_NAME = AppIcon;
				ASSETCATALOG_COMPILER_GLOBAL_ACCENT_COLOR_NAME = AccentColor;
				CODE_SIGN_STYLE = Automatic;
				CURRENT_PROJECT_VERSION = 1;
				ENABLE_PREVIEWS = YES;
				GENERATE_INFOPLIST_FILE = YES;
				INFOPLIST_KEY_UIApplicationSceneManifest_Generation = YES;
				INFOPLIST_KEY_UIApplicationSupportsIndirectInputEvents = YES;
				INFOPLIST_KEY_UILaunchScreen_Generation = YES;
				INFOPLIST_KEY_UISupportedInterfaceOrientations_iPad = "UIInterfaceOrientationPortrait UIInterfaceOrientationPortraitUpsideDown UIInterfaceOrientationLandscapeLeft UIInterfaceOrientationLandscapeRight";
				INFOPLIST_KEY_UISupportedInterfaceOrientations_iPhone = "UIInterfaceOrientationPortrait UIInterfaceOrientationLandscapeLeft UIInterfaceOrientationLandscapeRight";
				LD_RUNPATH_SEARCH_PATHS = (
					"$(inherited)",
					"@executable_path/Frameworks",
				);
				MARKETING_VERSION = 1.0;
				PRODUCT_BUNDLE_IDENTIFIER = "ranazaryab.SwiftUI-Todo-ListApp";
				PRODUCT_NAME = "$(TARGET_NAME)";
				SWIFT_EMIT_LOC_STRINGS = YES;
				SWIFT_VERSION = 5.0;
				TARGETED_DEVICE_FAMILY = "1,2";
			};
			name = Debug;
		};
		52056CA12E5B9D5600D0DBE5 /* Release */ = {
			isa = XCBuildConfiguration;
			buildSettings = {
				ASSETCATALOG_COMPILER_APPICON_NAME = AppIcon;
				ASSETCATALOG_COMPILER_GLOBAL_ACCENT_COLOR_NAME = AccentColor;
				CODE_SIGN_STYLE = Automatic;
				CURRENT_PROJECT_VERSION = 1;
				ENABLE_PREVIEWS = YES;
				GENERATE_INFOPLIST_FILE = YES;
				INFOPLIST_KEY_UIApplicationSceneManifest_Generation = YES;
				INFOPLIST_KEY_UIApplicationSupportsIndirectInputEvents = YES;
				INFOPLIST_KEY_UILaunchScreen_Generation = YES;
				INFOPLIST_KEY_UISupportedInterfaceOrientations_iPad = "UIInterfaceOrientationPortrait UIInterfaceOrientationPortraitUpsideDown UIInterfaceOrientationLandscapeLeft UIInterfaceOrientationLandscapeRight";
				INFOPLIST_KEY_UISupportedInterfaceOrientations_iPhone = "UIInterfaceOrientationPortrait UIInterfaceOrientationLandscapeLeft UIInterfaceOrientationLandscapeRight";
				LD_RUNPATH_SEARCH_PATHS = (
					"$(inherited)",
					"@executable_path/Frameworks",
				);
				MARKETING_VERSION = 1.0;
				PRODUCT_BUNDLE_IDENTIFIER = "ranazaryab.SwiftUI-Todo-ListApp";
				PRODUCT_NAME = "$(TARGET_NAME)";
				SWIFT_EMIT_LOC_STRINGS = YES;
				SWIFT_VERSION = 5.0;
				TARGETED_DEVICE_FAMILY = "1,2";
			};
			name = Release;
		};
		52056CA32E5B9D5600D0DBE5 /* Debug */ = {
			isa = XCBuildConfiguration;
			buildSettings = {
				BUNDLE_LOADER = "$(TEST_HOST)";
				CODE_SIGN_STYLE = Automatic;
				CURRENT_PROJECT_VERSION = 1;
				GENERATE_INFOPLIST_FILE = YES;
				IPHONEOS_DEPLOYMENT_TARGET = 18.5;
				MARKETING_VERSION = 1.0;
				PRODUCT_BUNDLE_IDENTIFIER = "ranazaryab.SwiftUI-Todo-ListAppTests";
				PRODUCT_NAME = "$(TARGET_NAME)";
				SWIFT_EMIT_LOC_STRINGS = NO;
				SWIFT_VERSION = 5.0;
				TARGETED_DEVICE_FAMILY = "1,2";
				TEST_HOST = "$(BUILT_PRODUCTS_DIR)/SwiftUI-Todo-ListApp.app/$(BUNDLE_EXECUTABLE_FOLDER_PATH)/SwiftUI-Todo-ListApp";
			};
			name = Debug;
		};
		52056CA42E5B9D5600D0DBE5 /* Release */ = {
			isa = XCBuildConfiguration;
			buildSettings = {
				BUNDLE_LOADER = "$(TEST_HOST)";
				CODE_SIGN_STYLE = Automatic;
				CURRENT_PROJECT_VERSION = 1;
				GENERATE_INFOPLIST_FILE = YES;
				IPHONEOS_DEPLOYMENT_TARGET = 18.5;
				MARKETING_VERSION = 1.0;
				PRODUCT_BUNDLE_IDENTIFIER = "ranazaryab.SwiftUI-Todo-ListAppTests";
				PRODUCT_NAME = "$(TARGET_NAME)";
				SWIFT_EMIT_LOC_STRINGS = NO;
				SWIFT_VERSION = 5.0;
				TARGETED_DEVICE_FAMILY = "1,2";
				TEST_HOST = "$(BUILT_PRODUCTS_DIR)/SwiftUI-Todo-ListApp.app/$(BUNDLE_EXECUTABLE_FOLDER_PATH)/SwiftUI-Todo-ListApp";
			};
			name = Release;
		};
		52056CA62E5B9D5600D0DBE5 /* Debug */ = {
			isa = XCBuildConfiguration;
			buildSettings = {
				CODE_SIGN_STYLE = Automatic;
				CURRENT_PROJECT_VERSION = 1;
				GENERATE_INFOPLIST_FILE = YES;
				MARKETING_VERSION = 1.0;
				PRODUCT_BUNDLE_IDENTIFIER = "ranazaryab.SwiftUI-Todo-ListAppUITests";
				PRODUCT_NAME = "$(TARGET_NAME)";
				SWIFT_EMIT_LOC_STRINGS = NO;
				SWIFT_VERSION = 5.0;
				TARGETED_DEVICE_FAMILY = "1,2";
				TEST_TARGET_NAME = "SwiftUI-Todo-ListApp";
			};
			name = Debug;
		};
		52056CA72E5B9D5600D0DBE5 /* Release */ = {
			isa = XCBuildConfiguration;
			buildSettings = {
				CODE_SIGN_STYLE = Automatic;
				CURRENT_PROJECT_VERSION = 1;
				GENERATE_INFOPLIST_FILE = YES;
				MARKETING_VERSION = 1.0;
				PRODUCT_BUNDLE_IDENTIFIER = "ranazaryab.SwiftUI-Todo-ListAppUITests";
				PRODUCT_NAME = "$(TARGET_NAME)";
				SWIFT_EMIT_LOC_STRINGS = NO;
				SWIFT_VERSION = 5.0;
				TARGETED_DEVICE_FAMILY = "1,2";
				TEST_TARGET_NAME = "SwiftUI-Todo-ListApp";
			};
			name = Release;
		};
/* End XCBuildConfiguration section */

/* Begin XCConfigurationList section */
		52056C792E5B9D5300D0DBE5 /* Build configuration list for PBXProject "SwiftUI-Todo-ListApp" */ = {
			isa = XCConfigurationList;
			buildConfigurations = (
				52056C9D2E5B9D5600D0DBE5 /* Debug */,
				52056C9E2E5B9D5600D0DBE5 /* Release */,
			);
			defaultConfigurationIsVisible = 0;
			defaultConfigurationName = Release;
		};
		52056C9F2E5B9D5600D0DBE5 /* Build configuration list for PBXNativeTarget "SwiftUI-Todo-ListApp" */ = {
			isa = XCConfigurationList;
			buildConfigurations = (
				52056CA02E5B9D5600D0DBE5 /* Debug */,
				52056CA12E5B9D5600D0DBE5 /* Release */,
			);
			defaultConfigurationIsVisible = 0;
			defaultConfigurationName = Release;
		};
		52056CA22E5B9D5600D0DBE5 /* Build configuration list for PBXNativeTarget "SwiftUI-Todo-ListAppTests" */ = {
			isa = XCConfigurationList;
			buildConfigurations = (
				52056CA32E5B9D5600D0DBE5 /* Debug */,
				52056CA42E5B9D5600D0DBE5 /* Release */,
			);
			defaultConfigurationIsVisible = 0;
			defaultConfigurationName = Release;
		};
		52056CA52E5B9D5600D0DBE5 /* Build configuration list for PBXNativeTarget "SwiftUI-Todo-ListAppUITests" */ = {
			isa = XCConfigurationList;
			buildConfigurations = (
				52056CA62E5B9D5600D0DBE5 /* Debug */,
				52056CA72E5B9D5600D0DBE5 /* Release */,
			);
			defaultConfigurationIsVisible = 0;
			defaultConfigurationName = Release;
		};
/* End XCConfigurationList section */
	};
	rootObject = 52056C762E5B9D5300D0DBE5 /* Project object */;
}
